{
  "name": "agent-session-analysis-dashboard",
  "lockfileVersion": 3,
  "requires": true,
  "packages": {
    "": {
      "dependencies": {
        "@azure/mcp-darwin-arm64": "^3.0.0-beta.34"
      }
    },
    "node_modules/@azure/mcp-darwin-arm64": {
      "version": "3.0.0-beta.34",
      "resolved": "https://registry.npmjs.org/@azure/mcp-darwin-arm64/-/mcp-darwin-arm64-3.0.0-beta.34.tgz",
      "integrity": "sha512-68ga3LXDquUJMxlZqL2SuABEeR6hn7LdIyeFzyQeTjMN/JNnL79nM5dWGeajnqm5iytsqMemVG67X2CqtHt6IA==",
      "cpu": [
        "arm64"
      ],
      "license": "MIT",
      "os": [
        "darwin"
      ],
      "bin": {
        "azmcp-darwin-arm64": "dist/azmcp"
      },
      "engines": {
        "node": ">=22.0.0"
      }
    }
  }
}
